%{
  "cc_precompiler": {:git, "https://github.com/cocoa-xu/cc_precompiler.git", "a10aab6afd50aabf0706914007b22fe980873e14", []},
  "elixir_make": {:git, "https://github.com/elixir-lang/elixir_make.git", "8ad0c1a101e059e0d67f2ed2c1ed2df41c0f44ec", []},
  "nx": {:hex, :nx, "0.1.0", "8f8a047dc0fd2b1798406edf828b43c46cca648b13c58fd5abd52285316b3d86", [:mix], [], "hexpm", "24ce6e184dc9c7b7c6c247923bfbe994101a7fe049bd3fd376b5b0512f787256"},
}
