%{
  "elixir_make": {:hex, :elixir_make, "0.6.3", "bc07d53221216838d79e03a8019d0839786703129599e9619f4ab74c8c096eac", [:mix], [], "hexpm", "f5cbd651c5678bcaabdbb7857658ee106b12509cd976c2c2fca99688e1daf716"},
  "nx": {:hex, :nx, "0.1.0", "8f8a047dc0fd2b1798406edf828b43c46cca648b13c58fd5abd52285316b3d86", [:mix], [], "hexpm", "24ce6e184dc9c7b7c6c247923bfbe994101a7fe049bd3fd376b5b0512f787256"},
  "scholar": {:git, "https://github.com/elixir-nx/scholar.git", "6ae1f64d58886f47d5c27d0c4636eb92a16daeb9", []},
}
